
Microsoft Visual Studio Solution File, Format Version 12.00
# Visual Studio Version 17
VisualStudioVersion = 17.13.35919.96 d17.13
MinimumVisualStudioVersion = 10.0.40219.1
Project("{FAE04EC0-301F-11D3-BF4B-00C04F79EFBC}") = "LAB02", "LAB02\LAB02.csproj", "{6D1C22C4-E065-4185-9B5E-02AAA8FAC152}"
EndProject
Project("{FAE04EC0-301F-11D3-BF4B-00C04F79EFBC}") = "Bai1", "Bai1\Bai1.csproj", "{5B353666-64D8-40FE-8924-12292B31C584}"
EndProject
Project("{FAE04EC0-301F-11D3-BF4B-00C04F79EFBC}") = "LAB02.Common", "LAB02.Common\LAB02.Common.csproj", "{CCA69CD8-4699-4278-A782-E96830CD1753}"
EndProject
Project("{FAE04EC0-301F-11D3-BF4B-00C04F79EFBC}") = "Bai2", "Bai2\Bai2.csproj", "{A4BF0942-1402-495B-BEE3-628CCA79AB8F}"
EndProject
Project("{FAE04EC0-301F-11D3-BF4B-00C04F79EFBC}") = "Bai3", "Bai3\Bai3.csproj", "{A61B51D3-EDD3-402B-B1E9-6DAF5752C1F8}"
EndProject
Project("{FAE04EC0-301F-11D3-BF4B-00C04F79EFBC}") = "Bai4", "Bai4\Bai4.csproj", "{2C204C63-E660-483C-A52C-A43F966781FD}"
EndProject
Project("{FAE04EC0-301F-11D3-BF4B-00C04F79EFBC}") = "Bai5", "Bai5\Bai5.csproj", "{B75F2467-CB70-431C-8545-C9968B5EC267}"
EndProject
Project("{FAE04EC0-301F-11D3-BF4B-00C04F79EFBC}") = "Bai6", "Bai6\Bai6.csproj", "{7E2E06A4-24FC-4FB2-8EE4-BF913FABBCB9}"
EndProject
Global
	GlobalSection(SolutionConfigurationPlatforms) = preSolution
		Debug|Any CPU = Debug|Any CPU
		Release|Any CPU = Release|Any CPU
	EndGlobalSection
	GlobalSection(ProjectConfigurationPlatforms) = postSolution
		{6D1C22C4-E065-4185-9B5E-02AAA8FAC152}.Debug|Any CPU.ActiveCfg = Debug|Any CPU
		{6D1C22C4-E065-4185-9B5E-02AAA8FAC152}.Debug|Any CPU.Build.0 = Debug|Any CPU
		{6D1C22C4-E065-4185-9B5E-02AAA8FAC152}.Release|Any CPU.ActiveCfg = Release|Any CPU
		{6D1C22C4-E065-4185-9B5E-02AAA8FAC152}.Release|Any CPU.Build.0 = Release|Any CPU
		{5B353666-64D8-40FE-8924-12292B31C584}.Debug|Any CPU.ActiveCfg = Debug|Any CPU
		{5B353666-64D8-40FE-8924-12292B31C584}.Debug|Any CPU.Build.0 = Debug|Any CPU
		{5B353666-64D8-40FE-8924-12292B31C584}.Release|Any CPU.ActiveCfg = Release|Any CPU
		{5B353666-64D8-40FE-8924-12292B31C584}.Release|Any CPU.Build.0 = Release|Any CPU
		{CCA69CD8-4699-4278-A782-E96830CD1753}.Debug|Any CPU.ActiveCfg = Debug|Any CPU
		{CCA69CD8-4699-4278-A782-E96830CD1753}.Debug|Any CPU.Build.0 = Debug|Any CPU
		{CCA69CD8-4699-4278-A782-E96830CD1753}.Release|Any CPU.ActiveCfg = Release|Any CPU
		{CCA69CD8-4699-4278-A782-E96830CD1753}.Release|Any CPU.Build.0 = Release|Any CPU
		{A4BF0942-1402-495B-BEE3-628CCA79AB8F}.Debug|Any CPU.ActiveCfg = Debug|Any CPU
		{A4BF0942-1402-495B-BEE3-628CCA79AB8F}.Debug|Any CPU.Build.0 = Debug|Any CPU
		{A4BF0942-1402-495B-BEE3-628CCA79AB8F}.Release|Any CPU.ActiveCfg = Release|Any CPU
		{A4BF0942-1402-495B-BEE3-628CCA79AB8F}.Release|Any CPU.Build.0 = Release|Any CPU
		{A61B51D3-EDD3-402B-B1E9-6DAF5752C1F8}.Debug|Any CPU.ActiveCfg = Debug|Any CPU
		{A61B51D3-EDD3-402B-B1E9-6DAF5752C1F8}.Debug|Any CPU.Build.0 = Debug|Any CPU
		{A61B51D3-EDD3-402B-B1E9-6DAF5752C1F8}.Release|Any CPU.ActiveCfg = Release|Any CPU
		{A61B51D3-EDD3-402B-B1E9-6DAF5752C1F8}.Release|Any CPU.Build.0 = Release|Any CPU
		{2C204C63-E660-483C-A52C-A43F966781FD}.Debug|Any CPU.ActiveCfg = Debug|Any CPU
		{2C204C63-E660-483C-A52C-A43F966781FD}.Debug|Any CPU.Build.0 = Debug|Any CPU
		{2C204C63-E660-483C-A52C-A43F966781FD}.Release|Any CPU.ActiveCfg = Release|Any CPU
		{2C204C63-E660-483C-A52C-A43F966781FD}.Release|Any CPU.Build.0 = Release|Any CPU
		{B75F2467-CB70-431C-8545-C9968B5EC267}.Debug|Any CPU.ActiveCfg = Debug|Any CPU
		{B75F2467-CB70-431C-8545-C9968B5EC267}.Debug|Any CPU.Build.0 = Debug|Any CPU
		{B75F2467-CB70-431C-8545-C9968B5EC267}.Release|Any CPU.ActiveCfg = Release|Any CPU
		{B75F2467-CB70-431C-8545-C9968B5EC267}.Release|Any CPU.Build.0 = Release|Any CPU
		{7E2E06A4-24FC-4FB2-8EE4-BF913FABBCB9}.Debug|Any CPU.ActiveCfg = Debug|Any CPU
		{7E2E06A4-24FC-4FB2-8EE4-BF913FABBCB9}.Debug|Any CPU.Build.0 = Debug|Any CPU
		{7E2E06A4-24FC-4FB2-8EE4-BF913FABBCB9}.Release|Any CPU.ActiveCfg = Release|Any CPU
		{7E2E06A4-24FC-4FB2-8EE4-BF913FABBCB9}.Release|Any CPU.Build.0 = Release|Any CPU
	EndGlobalSection
	GlobalSection(SolutionProperties) = preSolution
		HideSolutionNode = FALSE
	EndGlobalSection
	GlobalSection(ExtensibilityGlobals) = postSolution
		SolutionGuid = {D7B4B70C-673B-4AC1-9C0A-6323A804D470}
	EndGlobalSection
EndGlobal
