
Microsoft Visual Studio Solution File, Format Version 12.00
# Visual Studio Version 17
VisualStudioVersion = 17.13.35919.96 d17.13
MinimumVisualStudioVersion = 10.0.40219.1
Project("{FAE04EC0-301F-11D3-BF4B-00C04F79EFBC}") = "BaiTap9_Lap1.1", "BaiTap9_Lap1.1.csproj", "{DC50CA93-4AA3-4C9B-9C0C-69EC276CAD97}"
EndProject
Global
	GlobalSection(SolutionConfigurationPlatforms) = preSolution
		Debug|Any CPU = Debug|Any CPU
		Release|Any CPU = Release|Any CPU
	EndGlobalSection
	GlobalSection(ProjectConfigurationPlatforms) = postSolution
		{DC50CA93-4AA3-4C9B-9C0C-69EC276CAD97}.Debug|Any CPU.ActiveCfg = Debug|Any CPU
		{DC50CA93-4AA3-4C9B-9C0C-69EC276CAD97}.Debug|Any CPU.Build.0 = Debug|Any CPU
		{DC50CA93-4AA3-4C9B-9C0C-69EC276CAD97}.Release|Any CPU.ActiveCfg = Release|Any CPU
		{DC50CA93-4AA3-4C9B-9C0C-69EC276CAD97}.Release|Any CPU.Build.0 = Release|Any CPU
	EndGlobalSection
	GlobalSection(SolutionProperties) = preSolution
		HideSolutionNode = FALSE
	EndGlobalSection
	GlobalSection(ExtensibilityGlobals) = postSolution
		SolutionGuid = {AD453F2C-1EC0-43FC-90E4-CABD40264972}
	EndGlobalSection
EndGlobal
