
Microsoft Visual Studio Solution File, Format Version 12.00
# Visual Studio Version 17
VisualStudioVersion = 17.13.35919.96 d17.13
MinimumVisualStudioVersion = 10.0.40219.1
Project("{FAE04EC0-301F-11D3-BF4B-00C04F79EFBC}") = "BaiTap4_Lap1.1", "BaiTap4_Lap1.1.csproj", "{C861779E-69CC-41BD-B729-5347486181DA}"
EndProject
Global
	GlobalSection(SolutionConfigurationPlatforms) = preSolution
		Debug|Any CPU = Debug|Any CPU
		Release|Any CPU = Release|Any CPU
	EndGlobalSection
	GlobalSection(ProjectConfigurationPlatforms) = postSolution
		{C861779E-69CC-41BD-B729-5347486181DA}.Debug|Any CPU.ActiveCfg = Debug|Any CPU
		{C861779E-69CC-41BD-B729-5347486181DA}.Debug|Any CPU.Build.0 = Debug|Any CPU
		{C861779E-69CC-41BD-B729-5347486181DA}.Release|Any CPU.ActiveCfg = Release|Any CPU
		{C861779E-69CC-41BD-B729-5347486181DA}.Release|Any CPU.Build.0 = Release|Any CPU
	EndGlobalSection
	GlobalSection(SolutionProperties) = preSolution
		HideSolutionNode = FALSE
	EndGlobalSection
	GlobalSection(ExtensibilityGlobals) = postSolution
		SolutionGuid = {AC83ACA4-7ABD-4A91-B11F-23BD4AC52BD5}
	EndGlobalSection
EndGlobal
