
Microsoft Visual Studio Solution File, Format Version 12.00
# Visual Studio Version 17
VisualStudioVersion = 17.13.35919.96
MinimumVisualStudioVersion = 10.0.40219.1
Project("{FAE04EC0-301F-11D3-BF4B-00C04F79EFBC}") = "LAB03", "LAB03\LAB03.csproj", "{1179EC84-5FE8-42FE-889F-2D81A2D5A80A}"
EndProject
Project("{FAE04EC0-301F-11D3-BF4B-00C04F79EFBC}") = "LAB03.Common", "LAB03.Common\LAB03.Common.csproj", "{0D84D9B6-2CA2-403F-808A-76016A654721}"
EndProject
Project("{FAE04EC0-301F-11D3-BF4B-00C04F79EFBC}") = "Bai1", "Bai1\Bai1.csproj", "{1B8E96B1-09B5-4B70-BF16-7DE46E7F5BB6}"
EndProject
Project("{FAE04EC0-301F-11D3-BF4B-00C04F79EFBC}") = "Bai2", "Bai2\Bai2.csproj", "{1ED04992-07DE-45B9-B40D-F14166704533}"
EndProject
Project("{FAE04EC0-301F-11D3-BF4B-00C04F79EFBC}") = "Bai3", "Bai3\Bai3.csproj", "{ACAD0547-48B3-4D25-9563-3F5EDCAD0AD5}"
EndProject
Project("{FAE04EC0-301F-11D3-BF4B-00C04F79EFBC}") = "Bai4", "Bai4\Bai4.csproj", "{1E1A4E3C-BCA3-4CDC-81CA-D7732933D0C5}"
EndProject
Project("{FAE04EC0-301F-11D3-BF4B-00C04F79EFBC}") = "Bai5", "Bai5\Bai5.csproj", "{07529021-B8A9-4857-8665-7214ECC99CDF}"
EndProject
Project("{FAE04EC0-301F-11D3-BF4B-00C04F79EFBC}") = "Bai6", "Bai6\Bai6.csproj", "{797CE3FA-A0C0-4E1E-BAD0-8ED8975395A4}"
EndProject
Project("{FAE04EC0-301F-11D3-BF4B-00C04F79EFBC}") = "Bai7", "Bai7\Bai7.csproj", "{AE0B5EBC-169F-4449-A2BB-5481B682C2F9}"
EndProject
Project("{FAE04EC0-301F-11D3-BF4B-00C04F79EFBC}") = "Bai8", "Bai8\Bai8.csproj", "{E14E9608-3E04-4FAF-9D70-EBCB6E41FF70}"
EndProject
Project("{FAE04EC0-301F-11D3-BF4B-00C04F79EFBC}") = "Bai9", "Bai9\Bai9.csproj", "{3E607EC4-2F2A-4C40-ADE9-87EB5E0030E8}"
EndProject
Project("{FAE04EC0-301F-11D3-BF4B-00C04F79EFBC}") = "Bai10", "Bai10\Bai10.csproj", "{31F25F75-5D77-4F4E-9F4A-959E3A539D66}"
EndProject
Project("{FAE04EC0-301F-11D3-BF4B-00C04F79EFBC}") = "Bai11", "Bai11\Bai11.csproj", "{4AC79972-9ADD-41FD-8BF1-F60B65FB918F}"
EndProject
Project("{FAE04EC0-301F-11D3-BF4B-00C04F79EFBC}") = "Bai12", "Bai12\Bai12.csproj", "{7FAF79C2-8AB5-43C3-BDE6-68C1730697D7}"
EndProject
Project("{FAE04EC0-301F-11D3-BF4B-00C04F79EFBC}") = "Bai13", "Bai13\Bai13.csproj", "{6BCEB55C-042F-4E8D-A9F7-B7872AB7F0A6}"
EndProject
Project("{FAE04EC0-301F-11D3-BF4B-00C04F79EFBC}") = "Bai14", "Bai14\Bai14.csproj", "{870CD8B2-E80C-4AA3-B06B-A0FAFA1FED96}"
EndProject
Project("{FAE04EC0-301F-11D3-BF4B-00C04F79EFBC}") = "Bai15", "Bai15\Bai15.csproj", "{6B275662-605E-4A09-8C42-C02952898B9D}"
EndProject
Project("{FAE04EC0-301F-11D3-BF4B-00C04F79EFBC}") = "Bai16", "Bai16\Bai16.csproj", "{41397FF1-C66D-4FB4-8211-BDE5372F16BB}"
EndProject
Project("{FAE04EC0-301F-11D3-BF4B-00C04F79EFBC}") = "Bai17", "Bai17\Bai17.csproj", "{7D5F0ABB-3A6A-4F59-A83A-6DB2306E4C0A}"
EndProject
Project("{FAE04EC0-301F-11D3-BF4B-00C04F79EFBC}") = "Bai18", "Bai18\Bai18.csproj", "{EF077A0D-1E05-4FD4-A9BE-D4AB8620635F}"
EndProject
Project("{FAE04EC0-301F-11D3-BF4B-00C04F79EFBC}") = "Bai19", "Bai19\Bai19.csproj", "{3804DA63-6331-4650-8829-0F57322A3D22}"
EndProject
Project("{FAE04EC0-301F-11D3-BF4B-00C04F79EFBC}") = "Bai20", "Bai20\Bai20.csproj", "{48C3D477-641E-4E95-B5CB-6358142F1701}"
EndProject
Project("{FAE04EC0-301F-11D3-BF4B-00C04F79EFBC}") = "Bai21", "Bai21\Bai21.csproj", "{40A924E9-1722-49FB-87DC-D804B6EAB0B2}"
EndProject
Project("{FAE04EC0-301F-11D3-BF4B-00C04F79EFBC}") = "Bai22", "Bai22\Bai22.csproj", "{253D0537-E595-445E-AB86-F7DDABCEACBA}"
EndProject
Global
	GlobalSection(SolutionConfigurationPlatforms) = preSolution
		Debug|Any CPU = Debug|Any CPU
		Release|Any CPU = Release|Any CPU
	EndGlobalSection
	GlobalSection(ProjectConfigurationPlatforms) = postSolution
		{1179EC84-5FE8-42FE-889F-2D81A2D5A80A}.Debug|Any CPU.ActiveCfg = Debug|Any CPU
		{1179EC84-5FE8-42FE-889F-2D81A2D5A80A}.Debug|Any CPU.Build.0 = Debug|Any CPU
		{1179EC84-5FE8-42FE-889F-2D81A2D5A80A}.Release|Any CPU.ActiveCfg = Release|Any CPU
		{1179EC84-5FE8-42FE-889F-2D81A2D5A80A}.Release|Any CPU.Build.0 = Release|Any CPU
		{0D84D9B6-2CA2-403F-808A-76016A654721}.Debug|Any CPU.ActiveCfg = Debug|Any CPU
		{0D84D9B6-2CA2-403F-808A-76016A654721}.Debug|Any CPU.Build.0 = Debug|Any CPU
		{0D84D9B6-2CA2-403F-808A-76016A654721}.Release|Any CPU.ActiveCfg = Release|Any CPU
		{0D84D9B6-2CA2-403F-808A-76016A654721}.Release|Any CPU.Build.0 = Release|Any CPU
		{1B8E96B1-09B5-4B70-BF16-7DE46E7F5BB6}.Debug|Any CPU.ActiveCfg = Debug|Any CPU
		{1B8E96B1-09B5-4B70-BF16-7DE46E7F5BB6}.Debug|Any CPU.Build.0 = Debug|Any CPU
		{1B8E96B1-09B5-4B70-BF16-7DE46E7F5BB6}.Release|Any CPU.ActiveCfg = Release|Any CPU
		{1B8E96B1-09B5-4B70-BF16-7DE46E7F5BB6}.Release|Any CPU.Build.0 = Release|Any CPU
		{1ED04992-07DE-45B9-B40D-F14166704533}.Debug|Any CPU.ActiveCfg = Debug|Any CPU
		{1ED04992-07DE-45B9-B40D-F14166704533}.Debug|Any CPU.Build.0 = Debug|Any CPU
		{1ED04992-07DE-45B9-B40D-F14166704533}.Release|Any CPU.ActiveCfg = Release|Any CPU
		{1ED04992-07DE-45B9-B40D-F14166704533}.Release|Any CPU.Build.0 = Release|Any CPU
		{ACAD0547-48B3-4D25-9563-3F5EDCAD0AD5}.Debug|Any CPU.ActiveCfg = Debug|Any CPU
		{ACAD0547-48B3-4D25-9563-3F5EDCAD0AD5}.Debug|Any CPU.Build.0 = Debug|Any CPU
		{ACAD0547-48B3-4D25-9563-3F5EDCAD0AD5}.Release|Any CPU.ActiveCfg = Release|Any CPU
		{ACAD0547-48B3-4D25-9563-3F5EDCAD0AD5}.Release|Any CPU.Build.0 = Release|Any CPU
		{1E1A4E3C-BCA3-4CDC-81CA-D7732933D0C5}.Debug|Any CPU.ActiveCfg = Debug|Any CPU
		{1E1A4E3C-BCA3-4CDC-81CA-D7732933D0C5}.Debug|Any CPU.Build.0 = Debug|Any CPU
		{1E1A4E3C-BCA3-4CDC-81CA-D7732933D0C5}.Release|Any CPU.ActiveCfg = Release|Any CPU
		{1E1A4E3C-BCA3-4CDC-81CA-D7732933D0C5}.Release|Any CPU.Build.0 = Release|Any CPU
		{07529021-B8A9-4857-8665-7214ECC99CDF}.Debug|Any CPU.ActiveCfg = Debug|Any CPU
		{07529021-B8A9-4857-8665-7214ECC99CDF}.Debug|Any CPU.Build.0 = Debug|Any CPU
		{07529021-B8A9-4857-8665-7214ECC99CDF}.Release|Any CPU.ActiveCfg = Release|Any CPU
		{07529021-B8A9-4857-8665-7214ECC99CDF}.Release|Any CPU.Build.0 = Release|Any CPU
		{797CE3FA-A0C0-4E1E-BAD0-8ED8975395A4}.Debug|Any CPU.ActiveCfg = Debug|Any CPU
		{797CE3FA-A0C0-4E1E-BAD0-8ED8975395A4}.Debug|Any CPU.Build.0 = Debug|Any CPU
		{797CE3FA-A0C0-4E1E-BAD0-8ED8975395A4}.Release|Any CPU.ActiveCfg = Release|Any CPU
		{797CE3FA-A0C0-4E1E-BAD0-8ED8975395A4}.Release|Any CPU.Build.0 = Release|Any CPU
		{AE0B5EBC-169F-4449-A2BB-5481B682C2F9}.Debug|Any CPU.ActiveCfg = Debug|Any CPU
		{AE0B5EBC-169F-4449-A2BB-5481B682C2F9}.Debug|Any CPU.Build.0 = Debug|Any CPU
		{AE0B5EBC-169F-4449-A2BB-5481B682C2F9}.Release|Any CPU.ActiveCfg = Release|Any CPU
		{AE0B5EBC-169F-4449-A2BB-5481B682C2F9}.Release|Any CPU.Build.0 = Release|Any CPU
		{E14E9608-3E04-4FAF-9D70-EBCB6E41FF70}.Debug|Any CPU.ActiveCfg = Debug|Any CPU
		{E14E9608-3E04-4FAF-9D70-EBCB6E41FF70}.Debug|Any CPU.Build.0 = Debug|Any CPU
		{E14E9608-3E04-4FAF-9D70-EBCB6E41FF70}.Release|Any CPU.ActiveCfg = Release|Any CPU
		{E14E9608-3E04-4FAF-9D70-EBCB6E41FF70}.Release|Any CPU.Build.0 = Release|Any CPU
		{3E607EC4-2F2A-4C40-ADE9-87EB5E0030E8}.Debug|Any CPU.ActiveCfg = Debug|Any CPU
		{3E607EC4-2F2A-4C40-ADE9-87EB5E0030E8}.Debug|Any CPU.Build.0 = Debug|Any CPU
		{3E607EC4-2F2A-4C40-ADE9-87EB5E0030E8}.Release|Any CPU.ActiveCfg = Release|Any CPU
		{3E607EC4-2F2A-4C40-ADE9-87EB5E0030E8}.Release|Any CPU.Build.0 = Release|Any CPU
		{31F25F75-5D77-4F4E-9F4A-959E3A539D66}.Debug|Any CPU.ActiveCfg = Debug|Any CPU
		{31F25F75-5D77-4F4E-9F4A-959E3A539D66}.Debug|Any CPU.Build.0 = Debug|Any CPU
		{31F25F75-5D77-4F4E-9F4A-959E3A539D66}.Release|Any CPU.ActiveCfg = Release|Any CPU
		{31F25F75-5D77-4F4E-9F4A-959E3A539D66}.Release|Any CPU.Build.0 = Release|Any CPU
		{4AC79972-9ADD-41FD-8BF1-F60B65FB918F}.Debug|Any CPU.ActiveCfg = Debug|Any CPU
		{4AC79972-9ADD-41FD-8BF1-F60B65FB918F}.Debug|Any CPU.Build.0 = Debug|Any CPU
		{4AC79972-9ADD-41FD-8BF1-F60B65FB918F}.Release|Any CPU.ActiveCfg = Release|Any CPU
		{4AC79972-9ADD-41FD-8BF1-F60B65FB918F}.Release|Any CPU.Build.0 = Release|Any CPU
		{7FAF79C2-8AB5-43C3-BDE6-68C1730697D7}.Debug|Any CPU.ActiveCfg = Debug|Any CPU
		{7FAF79C2-8AB5-43C3-BDE6-68C1730697D7}.Debug|Any CPU.Build.0 = Debug|Any CPU
		{7FAF79C2-8AB5-43C3-BDE6-68C1730697D7}.Release|Any CPU.ActiveCfg = Release|Any CPU
		{7FAF79C2-8AB5-43C3-BDE6-68C1730697D7}.Release|Any CPU.Build.0 = Release|Any CPU
		{6BCEB55C-042F-4E8D-A9F7-B7872AB7F0A6}.Debug|Any CPU.ActiveCfg = Debug|Any CPU
		{6BCEB55C-042F-4E8D-A9F7-B7872AB7F0A6}.Debug|Any CPU.Build.0 = Debug|Any CPU
		{6BCEB55C-042F-4E8D-A9F7-B7872AB7F0A6}.Release|Any CPU.ActiveCfg = Release|Any CPU
		{6BCEB55C-042F-4E8D-A9F7-B7872AB7F0A6}.Release|Any CPU.Build.0 = Release|Any CPU
		{870CD8B2-E80C-4AA3-B06B-A0FAFA1FED96}.Debug|Any CPU.ActiveCfg = Debug|Any CPU
		{870CD8B2-E80C-4AA3-B06B-A0FAFA1FED96}.Debug|Any CPU.Build.0 = Debug|Any CPU
		{870CD8B2-E80C-4AA3-B06B-A0FAFA1FED96}.Release|Any CPU.ActiveCfg = Release|Any CPU
		{870CD8B2-E80C-4AA3-B06B-A0FAFA1FED96}.Release|Any CPU.Build.0 = Release|Any CPU
		{6B275662-605E-4A09-8C42-C02952898B9D}.Debug|Any CPU.ActiveCfg = Debug|Any CPU
		{6B275662-605E-4A09-8C42-C02952898B9D}.Debug|Any CPU.Build.0 = Debug|Any CPU
		{6B275662-605E-4A09-8C42-C02952898B9D}.Release|Any CPU.ActiveCfg = Release|Any CPU
		{6B275662-605E-4A09-8C42-C02952898B9D}.Release|Any CPU.Build.0 = Release|Any CPU
		{41397FF1-C66D-4FB4-8211-BDE5372F16BB}.Debug|Any CPU.ActiveCfg = Debug|Any CPU
		{41397FF1-C66D-4FB4-8211-BDE5372F16BB}.Debug|Any CPU.Build.0 = Debug|Any CPU
		{41397FF1-C66D-4FB4-8211-BDE5372F16BB}.Release|Any CPU.ActiveCfg = Release|Any CPU
		{41397FF1-C66D-4FB4-8211-BDE5372F16BB}.Release|Any CPU.Build.0 = Release|Any CPU
		{7D5F0ABB-3A6A-4F59-A83A-6DB2306E4C0A}.Debug|Any CPU.ActiveCfg = Debug|Any CPU
		{7D5F0ABB-3A6A-4F59-A83A-6DB2306E4C0A}.Debug|Any CPU.Build.0 = Debug|Any CPU
		{7D5F0ABB-3A6A-4F59-A83A-6DB2306E4C0A}.Release|Any CPU.ActiveCfg = Release|Any CPU
		{7D5F0ABB-3A6A-4F59-A83A-6DB2306E4C0A}.Release|Any CPU.Build.0 = Release|Any CPU
		{EF077A0D-1E05-4FD4-A9BE-D4AB8620635F}.Debug|Any CPU.ActiveCfg = Debug|Any CPU
		{EF077A0D-1E05-4FD4-A9BE-D4AB8620635F}.Debug|Any CPU.Build.0 = Debug|Any CPU
		{EF077A0D-1E05-4FD4-A9BE-D4AB8620635F}.Release|Any CPU.ActiveCfg = Release|Any CPU
		{EF077A0D-1E05-4FD4-A9BE-D4AB8620635F}.Release|Any CPU.Build.0 = Release|Any CPU
		{3804DA63-6331-4650-8829-0F57322A3D22}.Debug|Any CPU.ActiveCfg = Debug|Any CPU
		{3804DA63-6331-4650-8829-0F57322A3D22}.Debug|Any CPU.Build.0 = Debug|Any CPU
		{3804DA63-6331-4650-8829-0F57322A3D22}.Release|Any CPU.ActiveCfg = Release|Any CPU
		{3804DA63-6331-4650-8829-0F57322A3D22}.Release|Any CPU.Build.0 = Release|Any CPU
		{48C3D477-641E-4E95-B5CB-6358142F1701}.Debug|Any CPU.ActiveCfg = Debug|Any CPU
		{48C3D477-641E-4E95-B5CB-6358142F1701}.Debug|Any CPU.Build.0 = Debug|Any CPU
		{48C3D477-641E-4E95-B5CB-6358142F1701}.Release|Any CPU.ActiveCfg = Release|Any CPU
		{48C3D477-641E-4E95-B5CB-6358142F1701}.Release|Any CPU.Build.0 = Release|Any CPU
		{40A924E9-1722-49FB-87DC-D804B6EAB0B2}.Debug|Any CPU.ActiveCfg = Debug|Any CPU
		{40A924E9-1722-49FB-87DC-D804B6EAB0B2}.Debug|Any CPU.Build.0 = Debug|Any CPU
		{40A924E9-1722-49FB-87DC-D804B6EAB0B2}.Release|Any CPU.ActiveCfg = Release|Any CPU
		{40A924E9-1722-49FB-87DC-D804B6EAB0B2}.Release|Any CPU.Build.0 = Release|Any CPU
		{253D0537-E595-445E-AB86-F7DDABCEACBA}.Debug|Any CPU.ActiveCfg = Debug|Any CPU
		{253D0537-E595-445E-AB86-F7DDABCEACBA}.Debug|Any CPU.Build.0 = Debug|Any CPU
		{253D0537-E595-445E-AB86-F7DDABCEACBA}.Release|Any CPU.ActiveCfg = Release|Any CPU
		{253D0537-E595-445E-AB86-F7DDABCEACBA}.Release|Any CPU.Build.0 = Release|Any CPU
	EndGlobalSection
	GlobalSection(SolutionProperties) = preSolution
		HideSolutionNode = FALSE
	EndGlobalSection
	GlobalSection(ExtensibilityGlobals) = postSolution
		SolutionGuid = {7F849417-27CD-4D5D-B574-AD44B7CD83AE}
	EndGlobalSection
EndGlobal
